
Microsoft Visual Studio Solution File, Format Version 12.00
# Visual Studio Version 17
VisualStudioVersion = 17.5.33627.172
MinimumVisualStudioVersion = 10.0.40219.1
Project("{FAE04EC0-301F-11D3-BF4B-00C04F79EFBC}") = "SwapWorkWebSite", "SwapWorkWebSite.csproj", "{A5D5469F-981C-4B90-8059-31EAD0EBBDE7}"
EndProject
Global
	GlobalSection(SolutionConfigurationPlatforms) = preSolution
		Debug|Any CPU = Debug|Any CPU
		Release|Any CPU = Release|Any CPU
	EndGlobalSection
	GlobalSection(ProjectConfigurationPlatforms) = postSolution
		{A5D5469F-981C-4B90-8059-31EAD0EBBDE7}.Debug|Any CPU.ActiveCfg = Debug|Any CPU
		{A5D5469F-981C-4B90-8059-31EAD0EBBDE7}.Debug|Any CPU.Build.0 = Debug|Any CPU
		{A5D5469F-981C-4B90-8059-31EAD0EBBDE7}.Release|Any CPU.ActiveCfg = Release|Any CPU
		{A5D5469F-981C-4B90-8059-31EAD0EBBDE7}.Release|Any CPU.Build.0 = Release|Any CPU
	EndGlobalSection
	GlobalSection(SolutionProperties) = preSolution
		HideSolutionNode = FALSE
	EndGlobalSection
	GlobalSection(ExtensibilityGlobals) = postSolution
		SolutionGuid = {C073985A-01EF-409A-B0D6-10196A13F32C}
	EndGlobalSection
EndGlobal
